// !$*UTF8*$!
{
	archiveVersion = 1;
	classes = {
	};
	objectVersion = 56;
	objects = {

/* Begin PBXBuildFile section */
		136349D62BF21187006AFFBE /* AppDelegate.swift in Sources */ = {isa = PBXBuildFile; fileRef = 136349D52BF21187006AFFBE /* AppDelegate.swift */; };
		136349D82BF21187006AFFBE /* SceneDelegate.swift in Sources */ = {isa = PBXBuildFile; fileRef = 136349D72BF21187006AFFBE /* SceneDelegate.swift */; };
		136349DA2BF21187006AFFBE /* ViewController.swift in Sources */ = {isa = PBXBuildFile; fileRef = 136349D92BF21187006AFFBE /* ViewController.swift */; };
		136349DF2BF21188006AFFBE /* Assets.xcassets in Resources */ = {isa = PBXBuildFile; fileRef = 136349DE2BF21188006AFFBE /* Assets.xcassets */; };
		136349E22BF21188006AFFBE /* Base in Resources */ = {isa = PBXBuildFile; fileRef = 136349E12BF21188006AFFBE /* Base */; };
		136349EE2BF21294006AFFBE /* BaseViewController.swift in Sources */ = {isa = PBXBuildFile; fileRef = 136349ED2BF21294006AFFBE /* BaseViewController.swift */; };
		136349F62BF21AE7006AFFBE /* CallDirectoryHandler.swift in Sources */ = {isa = PBXBuildFile; fileRef = 136349F52BF21AE7006AFFBE /* CallDirectoryHandler.swift */; };
		136349FA2BF21AE7006AFFBE /* CallDirectory.appex in Embed Foundation Extensions */ = {isa = PBXBuildFile; fileRef = 136349F32BF21AE7006AFFBE /* CallDirectory.appex */; settings = {ATTRIBUTES = (RemoveHeadersOnCopy, ); }; };
/* End PBXBuildFile section */

/* Begin PBXContainerItemProxy section */
		136349F82BF21AE7006AFFBE /* PBXContainerItemProxy */ = {
			isa = PBXContainerItemProxy;
			containerPortal = 136349CA2BF21187006AFFBE /* Project object */;
			proxyType = 1;
			remoteGlobalIDString = 136349F22BF21AE7006AFFBE;
			remoteInfo = CallDirectory;
		};
/* End PBXContainerItemProxy section */

/* Begin PBXCopyFilesBuildPhase section */
		136349FE2BF21AE7006AFFBE /* Embed Foundation Extensions */ = {
			isa = PBXCopyFilesBuildPhase;
			buildActionMask = 2147483647;
			dstPath = "";
			dstSubfolderSpec = 13;
			files = (
				136349FA2BF21AE7006AFFBE /* CallDirectory.appex in Embed Foundation Extensions */,
			);
			name = "Embed Foundation Extensions";
			runOnlyForDeploymentPostprocessing = 0;
		};
/* End PBXCopyFilesBuildPhase section */

/* Begin PBXFileReference section */
		136349D22BF21187006AFFBE /* Practice_VoIP.app */ = {isa = PBXFileReference; explicitFileType = wrapper.application; includeInIndex = 0; path = Practice_VoIP.app; sourceTree = BUILT_PRODUCTS_DIR; };
		136349D52BF21187006AFFBE /* AppDelegate.swift */ = {isa = PBXFileReference; lastKnownFileType = sourcecode.swift; path = AppDelegate.swift; sourceTree = "<group>"; };
		136349D72BF21187006AFFBE /* SceneDelegate.swift */ = {isa = PBXFileReference; lastKnownFileType = sourcecode.swift; path = SceneDelegate.swift; sourceTree = "<group>"; };
		136349D92BF21187006AFFBE /* ViewController.swift */ = {isa = PBXFileReference; lastKnownFileType = sourcecode.swift; path = ViewController.swift; sourceTree = "<group>"; };
		136349DE2BF21188006AFFBE /* Assets.xcassets */ = {isa = PBXFileReference; lastKnownFileType = folder.assetcatalog; path = Assets.xcassets; sourceTree = "<group>"; };
		136349E12BF21188006AFFBE /* Base */ = {isa = PBXFileReference; lastKnownFileType = file.storyboard; name = Base; path = Base.lproj/LaunchScreen.storyboard; sourceTree = "<group>"; };
		136349E32BF21188006AFFBE /* Info.plist */ = {isa = PBXFileReference; lastKnownFileType = text.plist.xml; path = Info.plist; sourceTree = "<group>"; };
		136349ED2BF21294006AFFBE /* BaseViewController.swift */ = {isa = PBXFileReference; lastKnownFileType = sourcecode.swift; path = BaseViewController.swift; sourceTree = "<group>"; };
		136349F32BF21AE7006AFFBE /* CallDirectory.appex */ = {isa = PBXFileReference; explicitFileType = "wrapper.app-extension"; includeInIndex = 0; path = CallDirectory.appex; sourceTree = BUILT_PRODUCTS_DIR; };
		136349F52BF21AE7006AFFBE /* CallDirectoryHandler.swift */ = {isa = PBXFileReference; lastKnownFileType = sourcecode.swift; path = CallDirectoryHandler.swift; sourceTree = "<group>"; };
		136349F72BF21AE7006AFFBE /* Info.plist */ = {isa = PBXFileReference; lastKnownFileType = text.plist.xml; path = Info.plist; sourceTree = "<group>"; };
/* End PBXFileReference section */

/* Begin PBXFrameworksBuildPhase section */
		136349CF2BF21187006AFFBE /* Frameworks */ = {
			isa = PBXFrameworksBuildPhase;
			buildActionMask = 2147483647;
			files = (
			);
			runOnlyForDeploymentPostprocessing = 0;
		};
		136349F02BF21AE7006AFFBE /* Frameworks */ = {
			isa = PBXFrameworksBuildPhase;
			buildActionMask = 2147483647;
			files = (
			);
			runOnlyForDeploymentPostprocessing = 0;
		};
/* End PBXFrameworksBuildPhase section */

/* Begin PBXGroup section */
		136349C92BF21187006AFFBE = {
			isa = PBXGroup;
			children = (
				136349D42BF21187006AFFBE /* Practice_VoIP */,
				136349F42BF21AE7006AFFBE /* CallDirectory */,
				136349D32BF21187006AFFBE /* Products */,
			);
			sourceTree = "<group>";
		};
		136349D32BF21187006AFFBE /* Products */ = {
			isa = PBXGroup;
			children = (
				136349D22BF21187006AFFBE /* Practice_VoIP.app */,
				136349F32BF21AE7006AFFBE /* CallDirectory.appex */,
			);
			name = Products;
			sourceTree = "<group>";
		};
		136349D42BF21187006AFFBE /* Practice_VoIP */ = {
			isa = PBXGroup;
			children = (
				136349E92BF211D2006AFFBE /* App */,
				136349EB2BF211F0006AFFBE /* Presentation */,
				136349EA2BF211D9006AFFBE /* Resource */,
			);
			path = Practice_VoIP;
			sourceTree = "<group>";
		};
		136349E92BF211D2006AFFBE /* App */ = {
			isa = PBXGroup;
			children = (
				136349D52BF21187006AFFBE /* AppDelegate.swift */,
				136349D72BF21187006AFFBE /* SceneDelegate.swift */,
			);
			path = App;
			sourceTree = "<group>";
		};
		136349EA2BF211D9006AFFBE /* Resource */ = {
			isa = PBXGroup;
			children = (
				136349DE2BF21188006AFFBE /* Assets.xcassets */,
				136349E32BF21188006AFFBE /* Info.plist */,
			);
			path = Resource;
			sourceTree = "<group>";
		};
		136349EB2BF211F0006AFFBE /* Presentation */ = {
			isa = PBXGroup;
			children = (
				136349EC2BF21273006AFFBE /* Base */,
				136349D92BF21187006AFFBE /* ViewController.swift */,
				136349E02BF21188006AFFBE /* LaunchScreen.storyboard */,
			);
			path = Presentation;
			sourceTree = "<group>";
		};
		136349EC2BF21273006AFFBE /* Base */ = {
			isa = PBXGroup;
			children = (
				136349ED2BF21294006AFFBE /* BaseViewController.swift */,
			);
			path = Base;
			sourceTree = "<group>";
		};
		136349F42BF21AE7006AFFBE /* CallDirectory */ = {
			isa = PBXGroup;
			children = (
				136349F52BF21AE7006AFFBE /* CallDirectoryHandler.swift */,
				136349F72BF21AE7006AFFBE /* Info.plist */,
			);
			path = CallDirectory;
			sourceTree = "<group>";
		};
/* End PBXGroup section */

/* Begin PBXNativeTarget section */
		136349D12BF21187006AFFBE /* Practice_VoIP */ = {
			isa = PBXNativeTarget;
			buildConfigurationList = 136349E62BF21188006AFFBE /* Build configuration list for PBXNativeTarget "Practice_VoIP" */;
			buildPhases = (
				136349CE2BF21187006AFFBE /* Sources */,
				136349CF2BF21187006AFFBE /* Frameworks */,
				136349D02BF21187006AFFBE /* Resources */,
				136349FE2BF21AE7006AFFBE /* Embed Foundation Extensions */,
			);
			buildRules = (
			);
			dependencies = (
				136349F92BF21AE7006AFFBE /* PBXTargetDependency */,
			);
			name = Practice_VoIP;
			productName = Practice_VoIP;
			productReference = 136349D22BF21187006AFFBE /* Practice_VoIP.app */;
			productType = "com.apple.product-type.application";
		};
		136349F22BF21AE7006AFFBE /* CallDirectory */ = {
			isa = PBXNativeTarget;
			buildConfigurationList = 136349FB2BF21AE7006AFFBE /* Build configuration list for PBXNativeTarget "CallDirectory" */;
			buildPhases = (
				136349EF2BF21AE7006AFFBE /* Sources */,
				136349F02BF21AE7006AFFBE /* Frameworks */,
				136349F12BF21AE7006AFFBE /* Resources */,
			);
			buildRules = (
			);
			dependencies = (
			);
			name = CallDirectory;
			productName = CallDirectory;
			productReference = 136349F32BF21AE7006AFFBE /* CallDirectory.appex */;
			productType = "com.apple.product-type.app-extension";
		};
/* End PBXNativeTarget section */

/* Begin PBXProject section */
		136349CA2BF21187006AFFBE /* Project object */ = {
			isa = PBXProject;
			attributes = {
				BuildIndependentTargetsInParallel = 1;
				LastSwiftUpdateCheck = 1530;
				LastUpgradeCheck = 1530;
				TargetAttributes = {
					136349D12BF21187006AFFBE = {
						CreatedOnToolsVersion = 15.3;
					};
					136349F22BF21AE7006AFFBE = {
						CreatedOnToolsVersion = 15.3;
					};
				};
			};
			buildConfigurationList = 136349CD2BF21187006AFFBE /* Build configuration list for PBXProject "Practice_VoIP" */;
			compatibilityVersion = "Xcode 14.0";
			developmentRegion = en;
			hasScannedForEncodings = 0;
			knownRegions = (
				en,
				Base,
			);
			mainGroup = 136349C92BF21187006AFFBE;
			productRefGroup = 136349D32BF21187006AFFBE /* Products */;
			projectDirPath = "";
			projectRoot = "";
			targets = (
				136349D12BF21187006AFFBE /* Practice_VoIP */,
				136349F22BF21AE7006AFFBE /* CallDirectory */,
			);
		};
/* End PBXProject section */

/* Begin PBXResourcesBuildPhase section */
		136349D02BF21187006AFFBE /* Resources */ = {
			isa = PBXResourcesBuildPhase;
			buildActionMask = 2147483647;
			files = (
				136349DF2BF21188006AFFBE /* Assets.xcassets in Resources */,
				136349E22BF21188006AFFBE /* Base in Resources */,
			);
			runOnlyForDeploymentPostprocessing = 0;
		};
		136349F12BF21AE7006AFFBE /* Resources */ = {
			isa = PBXResourcesBuildPhase;
			buildActionMask = 2147483647;
			files = (
			);
			runOnlyForDeploymentPostprocessing = 0;
		};
/* End PBXResourcesBuildPhase section */

/* Begin PBXSourcesBuildPhase section */
		136349CE2BF21187006AFFBE /* Sources */ = {
			isa = PBXSourcesBuildPhase;
			buildActionMask = 2147483647;
			files = (
				136349DA2BF21187006AFFBE /* ViewController.swift in Sources */,
				136349EE2BF21294006AFFBE /* BaseViewController.swift in Sources */,
				136349D62BF21187006AFFBE /* AppDelegate.swift in Sources */,
				136349D82BF21187006AFFBE /* SceneDelegate.swift in Sources */,
			);
			runOnlyForDeploymentPostprocessing = 0;
		};
		136349EF2BF21AE7006AFFBE /* Sources */ = {
			isa = PBXSourcesBuildPhase;
			buildActionMask = 2147483647;
			files = (
				136349F62BF21AE7006AFFBE /* CallDirectoryHandler.swift in Sources */,
			);
			runOnlyForDeploymentPostprocessing = 0;
		};
/* End PBXSourcesBuildPhase section */

/* Begin PBXTargetDependency section */
		136349F92BF21AE7006AFFBE /* PBXTargetDependency */ = {
			isa = PBXTargetDependency;
			target = 136349F22BF21AE7006AFFBE /* CallDirectory */;
			targetProxy = 136349F82BF21AE7006AFFBE /* PBXContainerItemProxy */;
		};
/* End PBXTargetDependency section */

/* Begin PBXVariantGroup section */
		136349E02BF21188006AFFBE /* LaunchScreen.storyboard */ = {
			isa = PBXVariantGroup;
			children = (
				136349E12BF21188006AFFBE /* Base */,
			);
			name = LaunchScreen.storyboard;
			sourceTree = "<group>";
		};
/* End PBXVariantGroup section */

/* Begin XCBuildConfiguration section */
		136349E42BF21188006AFFBE /* Debug */ = {
			isa = XCBuildConfiguration;
			buildSettings = {
				ALWAYS_SEARCH_USER_PATHS = NO;
				ASSETCATALOG_COMPILER_GENERATE_SWIFT_ASSET_SYMBOL_EXTENSIONS = YES;
				CLANG_ANALYZER_NONNULL = YES;
				CLANG_ANALYZER_NUMBER_OBJECT_CONVERSION = YES_AGGRESSIVE;
				CLANG_CXX_LANGUAGE_STANDARD = "gnu++20";
				CLANG_ENABLE_MODULES = YES;
				CLANG_ENABLE_OBJC_ARC = YES;
				CLANG_ENABLE_OBJC_WEAK = YES;
				CLANG_WARN_BLOCK_CAPTURE_AUTORELEASING = YES;
				CLANG_WARN_BOOL_CONVERSION = YES;
				CLANG_WARN_COMMA = YES;
				CLANG_WARN_CONSTANT_CONVERSION = YES;
				CLANG_WARN_DEPRECATED_OBJC_IMPLEMENTATIONS = YES;
				CLANG_WARN_DIRECT_OBJC_ISA_USAGE = YES_ERROR;
				CLANG_WARN_DOCUMENTATION_COMMENTS = YES;
				CLANG_WARN_EMPTY_BODY = YES;
				CLANG_WARN_ENUM_CONVERSION = YES;
				CLANG_WARN_INFINITE_RECURSION = YES;
				CLANG_WARN_INT_CONVERSION = YES;
				CLANG_WARN_NON_LITERAL_NULL_CONVERSION = YES;
				CLANG_WARN_OBJC_IMPLICIT_RETAIN_SELF = YES;
				CLANG_WARN_OBJC_LITERAL_CONVERSION = YES;
				CLANG_WARN_OBJC_ROOT_CLASS = YES_ERROR;
				CLANG_WARN_QUOTED_INCLUDE_IN_FRAMEWORK_HEADER = YES;
				CLANG_WARN_RANGE_LOOP_ANALYSIS = YES;
				CLANG_WARN_STRICT_PROTOTYPES = YES;
				CLANG_WARN_SUSPICIOUS_MOVE = YES;
				CLANG_WARN_UNGUARDED_AVAILABILITY = YES_AGGRESSIVE;
				CLANG_WARN_UNREACHABLE_CODE = YES;
				CLANG_WARN__DUPLICATE_METHOD_MATCH = YES;
				COPY_PHASE_STRIP = NO;
				DEBUG_INFORMATION_FORMAT = dwarf;
				ENABLE_STRICT_OBJC_MSGSEND = YES;
				ENABLE_TESTABILITY = YES;
				ENABLE_USER_SCRIPT_SANDBOXING = YES;
				GCC_C_LANGUAGE_STANDARD = gnu17;
				GCC_DYNAMIC_NO_PIC = NO;
				GCC_NO_COMMON_BLOCKS = YES;
				GCC_OPTIMIZATION_LEVEL = 0;
				GCC_PREPROCESSOR_DEFINITIONS = (
					"DEBUG=1",
					"$(inherited)",
				);
				GCC_WARN_64_TO_32_BIT_CONVERSION = YES;
				GCC_WARN_ABOUT_RETURN_TYPE = YES_ERROR;
				GCC_WARN_UNDECLARED_SELECTOR = YES;
				GCC_WARN_UNINITIALIZED_AUTOS = YES_AGGRESSIVE;
				GCC_WARN_UNUSED_FUNCTION = YES;
				GCC_WARN_UNUSED_VARIABLE = YES;
				IPHONEOS_DEPLOYMENT_TARGET = 16.0;
				LOCALIZATION_PREFERS_STRING_CATALOGS = YES;
				MTL_ENABLE_DEBUG_INFO = INCLUDE_SOURCE;
				MTL_FAST_MATH = YES;
				ONLY_ACTIVE_ARCH = YES;
				SDKROOT = iphoneos;
				SWIFT_ACTIVE_COMPILATION_CONDITIONS = "DEBUG $(inherited)";
				SWIFT_OPTIMIZATION_LEVEL = "-Onone";
			};
			name = Debug;
		};
		136349E52BF21188006AFFBE /* Release */ = {
			isa = XCBuildConfiguration;
			buildSettings = {
				ALWAYS_SEARCH_USER_PATHS = NO;
				ASSETCATALOG_COMPILER_GENERATE_SWIFT_ASSET_SYMBOL_EXTENSIONS = YES;
				CLANG_ANALYZER_NONNULL = YES;
				CLANG_ANALYZER_NUMBER_OBJECT_CONVERSION = YES_AGGRESSIVE;
				CLANG_CXX_LANGUAGE_STANDARD = "gnu++20";
				CLANG_ENABLE_MODULES = YES;
				CLANG_ENABLE_OBJC_ARC = YES;
				CLANG_ENABLE_OBJC_WEAK = YES;
				CLANG_WARN_BLOCK_CAPTURE_AUTORELEASING = YES;
				CLANG_WARN_BOOL_CONVERSION = YES;
				CLANG_WARN_COMMA = YES;
				CLANG_WARN_CONSTANT_CONVERSION = YES;
				CLANG_WARN_DEPRECATED_OBJC_IMPLEMENTATIONS = YES;
				CLANG_WARN_DIRECT_OBJC_ISA_USAGE = YES_ERROR;
				CLANG_WARN_DOCUMENTATION_COMMENTS = YES;
				CLANG_WARN_EMPTY_BODY = YES;
				CLANG_WARN_ENUM_CONVERSION = YES;
				CLANG_WARN_INFINITE_RECURSION = YES;
				CLANG_WARN_INT_CONVERSION = YES;
				CLANG_WARN_NON_LITERAL_NULL_CONVERSION = YES;
				CLANG_WARN_OBJC_IMPLICIT_RETAIN_SELF = YES;
				CLANG_WARN_OBJC_LITERAL_CONVERSION = YES;
				CLANG_WARN_OBJC_ROOT_CLASS = YES_ERROR;
				CLANG_WARN_QUOTED_INCLUDE_IN_FRAMEWORK_HEADER = YES;
				CLANG_WARN_RANGE_LOOP_ANALYSIS = YES;
				CLANG_WARN_STRICT_PROTOTYPES = YES;
				CLANG_WARN_SUSPICIOUS_MOVE = YES;
				CLANG_WARN_UNGUARDED_AVAILABILITY = YES_AGGRESSIVE;
				CLANG_WARN_UNREACHABLE_CODE = YES;
				CLANG_WARN__DUPLICATE_METHOD_MATCH = YES;
				COPY_PHASE_STRIP = NO;
				DEBUG_INFORMATION_FORMAT = "dwarf-with-dsym";
				ENABLE_NS_ASSERTIONS = NO;
				ENABLE_STRICT_OBJC_MSGSEND = YES;
				ENABLE_USER_SCRIPT_SANDBOXING = YES;
				GCC_C_LANGUAGE_STANDARD = gnu17;
				GCC_NO_COMMON_BLOCKS = YES;
				GCC_WARN_64_TO_32_BIT_CONVERSION = YES;
				GCC_WARN_ABOUT_RETURN_TYPE = YES_ERROR;
				GCC_WARN_UNDECLARED_SELECTOR = YES;
				GCC_WARN_UNINITIALIZED_AUTOS = YES_AGGRESSIVE;
				GCC_WARN_UNUSED_FUNCTION = YES;
				GCC_WARN_UNUSED_VARIABLE = YES;
				IPHONEOS_DEPLOYMENT_TARGET = 16.0;
				LOCALIZATION_PREFERS_STRING_CATALOGS = YES;
				MTL_ENABLE_DEBUG_INFO = NO;
				MTL_FAST_MATH = YES;
				SDKROOT = iphoneos;
				SWIFT_COMPILATION_MODE = wholemodule;
				VALIDATE_PRODUCT = YES;
			};
			name = Release;
		};
		136349E72BF21188006AFFBE /* Debug */ = {
			isa = XCBuildConfiguration;
			buildSettings = {
				ALWAYS_EMBED_SWIFT_STANDARD_LIBRARIES = YES;
				ASSETCATALOG_COMPILER_APPICON_NAME = AppIcon;
				ASSETCATALOG_COMPILER_GLOBAL_ACCENT_COLOR_NAME = AccentColor;
				CODE_SIGN_STYLE = Automatic;
				CURRENT_PROJECT_VERSION = 1;
				DEVELOPMENT_TEAM = 3LTN66N935;
				GENERATE_INFOPLIST_FILE = YES;
				INFOPLIST_FILE = Practice_VoIP/Resource/Info.plist;
				INFOPLIST_KEY_UIApplicationSupportsIndirectInputEvents = YES;
				INFOPLIST_KEY_UILaunchStoryboardName = LaunchScreen;
				INFOPLIST_KEY_UISupportedInterfaceOrientations = UIInterfaceOrientationPortrait;
				INFOPLIST_KEY_UISupportedInterfaceOrientations_iPad = "UIInterfaceOrientationLandscapeLeft UIInterfaceOrientationLandscapeRight UIInterfaceOrientationPortrait UIInterfaceOrientationPortraitUpsideDown";
				IPHONEOS_DEPLOYMENT_TARGET = 16.0;
				LD_RUNPATH_SEARCH_PATHS = (
					"$(inherited)",
					"@executable_path/Frameworks",
				);
				MARKETING_VERSION = 1.0;
				PRODUCT_BUNDLE_IDENTIFIER = "com.jiho.Practice-VoIP";
				PRODUCT_NAME = "$(TARGET_NAME)";
				SUPPORTED_PLATFORMS = "iphoneos iphonesimulator";
				SUPPORTS_MACCATALYST = NO;
				SUPPORTS_MAC_DESIGNED_FOR_IPHONE_IPAD = NO;
				SUPPORTS_XR_DESIGNED_FOR_IPHONE_IPAD = NO;
				SWIFT_EMIT_LOC_STRINGS = YES;
				SWIFT_VERSION = 5.0;
				TARGETED_DEVICE_FAMILY = 1;
			};
			name = Debug;
		};
		136349E82BF21188006AFFBE /* Release */ = {
			isa = XCBuildConfiguration;
			buildSettings = {
				ALWAYS_EMBED_SWIFT_STANDARD_LIBRARIES = YES;
				ASSETCATALOG_COMPILER_APPICON_NAME = AppIcon;
				ASSETCATALOG_COMPILER_GLOBAL_ACCENT_COLOR_NAME = AccentColor;
				CODE_SIGN_STYLE = Automatic;
				CURRENT_PROJECT_VERSION = 1;
				DEVELOPMENT_TEAM = 3LTN66N935;
				GENERATE_INFOPLIST_FILE = YES;
				INFOPLIST_FILE = Practice_VoIP/Resource/Info.plist;
				INFOPLIST_KEY_UIApplicationSupportsIndirectInputEvents = YES;
				INFOPLIST_KEY_UILaunchStoryboardName = LaunchScreen;
				INFOPLIST_KEY_UISupportedInterfaceOrientations = UIInterfaceOrientationPortrait;
				INFOPLIST_KEY_UISupportedInterfaceOrientations_iPad = "UIInterfaceOrientationLandscapeLeft UIInterfaceOrientationLandscapeRight UIInterfaceOrientationPortrait UIInterfaceOrientationPortraitUpsideDown";
				IPHONEOS_DEPLOYMENT_TARGET = 16.0;
				LD_RUNPATH_SEARCH_PATHS = (
					"$(inherited)",
					"@executable_path/Frameworks",
				);
				MARKETING_VERSION = 1.0;
				PRODUCT_BUNDLE_IDENTIFIER = "com.jiho.Practice-VoIP";
				PRODUCT_NAME = "$(TARGET_NAME)";
				SUPPORTED_PLATFORMS = "iphoneos iphonesimulator";
				SUPPORTS_MACCATALYST = NO;
				SUPPORTS_MAC_DESIGNED_FOR_IPHONE_IPAD = NO;
				SUPPORTS_XR_DESIGNED_FOR_IPHONE_IPAD = NO;
				SWIFT_EMIT_LOC_STRINGS = YES;
				SWIFT_VERSION = 5.0;
				TARGETED_DEVICE_FAMILY = 1;
			};
			name = Release;
		};
		136349FC2BF21AE7006AFFBE /* Debug */ = {
			isa = XCBuildConfiguration;
			buildSettings = {
				ARCHS = "$(ARCHS_STANDARD_64_BIT)";
				CODE_SIGN_STYLE = Automatic;
				CURRENT_PROJECT_VERSION = 1;
				DEVELOPMENT_TEAM = 3LTN66N935;
				GENERATE_INFOPLIST_FILE = YES;
				INFOPLIST_FILE = CallDirectory/Info.plist;
				INFOPLIST_KEY_CFBundleDisplayName = CallDirectory;
				INFOPLIST_KEY_NSHumanReadableCopyright = "";
				IPHONEOS_DEPLOYMENT_TARGET = 17.4;
				LD_RUNPATH_SEARCH_PATHS = (
					"$(inherited)",
					"@executable_path/Frameworks",
					"@executable_path/../../Frameworks",
				);
				MARKETING_VERSION = 1.0;
				PRODUCT_BUNDLE_IDENTIFIER = "com.jiho.Practice-VoIP.CallDirectory";
				PRODUCT_NAME = "$(TARGET_NAME)";
				SKIP_INSTALL = YES;
				SWIFT_EMIT_LOC_STRINGS = YES;
				SWIFT_VERSION = 5.0;
				TARGETED_DEVICE_FAMILY = "1,2";
			};
			name = Debug;
		};
		136349FD2BF21AE7006AFFBE /* Release */ = {
			isa = XCBuildConfiguration;
			buildSettings = {
				ARCHS = "$(ARCHS_STANDARD_64_BIT)";
				CODE_SIGN_STYLE = Automatic;
				CURRENT_PROJECT_VERSION = 1;
				DEVELOPMENT_TEAM = 3LTN66N935;
				GENERATE_INFOPLIST_FILE = YES;
				INFOPLIST_FILE = CallDirectory/Info.plist;
				INFOPLIST_KEY_CFBundleDisplayName = CallDirectory;
				INFOPLIST_KEY_NSHumanReadableCopyright = "";
				IPHONEOS_DEPLOYMENT_TARGET = 17.4;
				LD_RUNPATH_SEARCH_PATHS = (
					"$(inherited)",
					"@executable_path/Frameworks",
					"@executable_path/../../Frameworks",
				);
				MARKETING_VERSION = 1.0;
				PRODUCT_BUNDLE_IDENTIFIER = "com.jiho.Practice-VoIP.CallDirectory";
				PRODUCT_NAME = "$(TARGET_NAME)";
				SKIP_INSTALL = YES;
				SWIFT_EMIT_LOC_STRINGS = YES;
				SWIFT_VERSION = 5.0;
				TARGETED_DEVICE_FAMILY = "1,2";
			};
			name = Release;
		};
/* End XCBuildConfiguration section */

/* Begin XCConfigurationList section */
		136349CD2BF21187006AFFBE /* Build configuration list for PBXProject "Practice_VoIP" */ = {
			isa = XCConfigurationList;
			buildConfigurations = (
				136349E42BF21188006AFFBE /* Debug */,
				136349E52BF21188006AFFBE /* Release */,
			);
			defaultConfigurationIsVisible = 0;
			defaultConfigurationName = Release;
		};
		136349E62BF21188006AFFBE /* Build configuration list for PBXNativeTarget "Practice_VoIP" */ = {
			isa = XCConfigurationList;
			buildConfigurations = (
				136349E72BF21188006AFFBE /* Debug */,
				136349E82BF21188006AFFBE /* Release */,
			);
			defaultConfigurationIsVisible = 0;
			defaultConfigurationName = Release;
		};
		136349FB2BF21AE7006AFFBE /* Build configuration list for PBXNativeTarget "CallDirectory" */ = {
			isa = XCConfigurationList;
			buildConfigurations = (
				136349FC2BF21AE7006AFFBE /* Debug */,
				136349FD2BF21AE7006AFFBE /* Release */,
			);
			defaultConfigurationIsVisible = 0;
			defaultConfigurationName = Release;
		};
/* End XCConfigurationList section */
	};
	rootObject = 136349CA2BF21187006AFFBE /* Project object */;
}
